
Microsoft Visual Studio Solution File, Format Version 12.00
# Visual Studio Version 17
VisualStudioVersion = 17.4.33213.308
MinimumVisualStudioVersion = 10.0.40219.1
Project("{9A19103F-16F7-4668-BE54-9A1E7A4F7556}") = "My.Console.Template", "My.Console.Template\My.Console.Template.csproj", "{4BB5ED2B-D095-4F03-B3BE-4624A3D05F8F}"
EndProject
Global
	GlobalSection(SolutionConfigurationPlatforms) = preSolution
		Debug|Any CPU = Debug|Any CPU
		Release|Any CPU = Release|Any CPU
	EndGlobalSection
	GlobalSection(ProjectConfigurationPlatforms) = postSolution
		{4BB5ED2B-D095-4F03-B3BE-4624A3D05F8F}.Debug|Any CPU.ActiveCfg = Debug|Any CPU
		{4BB5ED2B-D095-4F03-B3BE-4624A3D05F8F}.Debug|Any CPU.Build.0 = Debug|Any CPU
		{4BB5ED2B-D095-4F03-B3BE-4624A3D05F8F}.Release|Any CPU.ActiveCfg = Release|Any CPU
		{4BB5ED2B-D095-4F03-B3BE-4624A3D05F8F}.Release|Any CPU.Build.0 = Release|Any CPU
	EndGlobalSection
	GlobalSection(SolutionProperties) = preSolution
		HideSolutionNode = FALSE
	EndGlobalSection
	GlobalSection(ExtensibilityGlobals) = postSolution
		SolutionGuid = {0169289C-E026-4FED-A895-F385AE6BBBDC}
	EndGlobalSection
EndGlobal
